
Microsoft Visual Studio Solution File, Format Version 12.00
# Visual Studio Version 17
VisualStudioVersion = 17.0.32002.185
MinimumVisualStudioVersion = 10.0.40219.1
Project("{FAE04EC0-301F-11D3-BF4B-00C04F79EFBC}") = "BookStoreApplication", "BookStoreApplication\BookStoreApplication.csproj", "{9F97BD7B-5AB9-4419-9507-A0D9F11F8CE2}"
EndProject
Project("{FAE04EC0-301F-11D3-BF4B-00C04F79EFBC}") = "BookStoreManager", "BookStoreManager\BookStoreManager.csproj", "{91F2E43D-06DA-4B34-A45F-B2AF8CF9BB46}"
EndProject
Project("{FAE04EC0-301F-11D3-BF4B-00C04F79EFBC}") = "BookStoreModel", "BookStoreModel\BookStoreModel.csproj", "{F33449D0-4CCB-4FF1-8C99-59BA1D498904}"
EndProject
Project("{FAE04EC0-301F-11D3-BF4B-00C04F79EFBC}") = "BookStoreRepository", "BookStoreRepository\BookStoreRepository.csproj", "{D295D5CA-A364-4C35-9CAF-58823CEEAC94}"
EndProject
Global
	GlobalSection(SolutionConfigurationPlatforms) = preSolution
		Debug|Any CPU = Debug|Any CPU
		Release|Any CPU = Release|Any CPU
	EndGlobalSection
	GlobalSection(ProjectConfigurationPlatforms) = postSolution
		{9F97BD7B-5AB9-4419-9507-A0D9F11F8CE2}.Debug|Any CPU.ActiveCfg = Debug|Any CPU
		{9F97BD7B-5AB9-4419-9507-A0D9F11F8CE2}.Debug|Any CPU.Build.0 = Debug|Any CPU
		{9F97BD7B-5AB9-4419-9507-A0D9F11F8CE2}.Release|Any CPU.ActiveCfg = Release|Any CPU
		{9F97BD7B-5AB9-4419-9507-A0D9F11F8CE2}.Release|Any CPU.Build.0 = Release|Any CPU
		{91F2E43D-06DA-4B34-A45F-B2AF8CF9BB46}.Debug|Any CPU.ActiveCfg = Debug|Any CPU
		{91F2E43D-06DA-4B34-A45F-B2AF8CF9BB46}.Debug|Any CPU.Build.0 = Debug|Any CPU
		{91F2E43D-06DA-4B34-A45F-B2AF8CF9BB46}.Release|Any CPU.ActiveCfg = Release|Any CPU
		{91F2E43D-06DA-4B34-A45F-B2AF8CF9BB46}.Release|Any CPU.Build.0 = Release|Any CPU
		{F33449D0-4CCB-4FF1-8C99-59BA1D498904}.Debug|Any CPU.ActiveCfg = Debug|Any CPU
		{F33449D0-4CCB-4FF1-8C99-59BA1D498904}.Debug|Any CPU.Build.0 = Debug|Any CPU
		{F33449D0-4CCB-4FF1-8C99-59BA1D498904}.Release|Any CPU.ActiveCfg = Release|Any CPU
		{F33449D0-4CCB-4FF1-8C99-59BA1D498904}.Release|Any CPU.Build.0 = Release|Any CPU
		{D295D5CA-A364-4C35-9CAF-58823CEEAC94}.Debug|Any CPU.ActiveCfg = Debug|Any CPU
		{D295D5CA-A364-4C35-9CAF-58823CEEAC94}.Debug|Any CPU.Build.0 = Debug|Any CPU
		{D295D5CA-A364-4C35-9CAF-58823CEEAC94}.Release|Any CPU.ActiveCfg = Release|Any CPU
		{D295D5CA-A364-4C35-9CAF-58823CEEAC94}.Release|Any CPU.Build.0 = Release|Any CPU
	EndGlobalSection
	GlobalSection(SolutionProperties) = preSolution
		HideSolutionNode = FALSE
	EndGlobalSection
	GlobalSection(ExtensibilityGlobals) = postSolution
		SolutionGuid = {C041D251-B8A0-4D8F-AF68-8577779EAE26}
	EndGlobalSection
EndGlobal
